
Microsoft Visual Studio Solution File, Format Version 12.00
# Visual Studio Version 17
VisualStudioVersion = 17.4.33110.190
MinimumVisualStudioVersion = 10.0.40219.1
Project("{2150E333-8FDC-42A3-9474-1A3956D46DE8}") = "PaymentService", "PaymentService", "{21E9D4C1-F844-4F71-8EAD-43139D22C026}"
EndProject
Project("{2150E333-8FDC-42A3-9474-1A3956D46DE8}") = "BookingService", "BookingService", "{7808104C-F1A5-4B8F-91ED-726D182E696A}"
EndProject
Project("{2150E333-8FDC-42A3-9474-1A3956D46DE8}") = "Core", "Core", "{98898044-C43B-48A5-A239-5C82C287305A}"
EndProject
Project("{2150E333-8FDC-42A3-9474-1A3956D46DE8}") = "Application", "Application", "{13782C14-7DE0-405D-B33B-85794D2C3BA1}"
EndProject
Project("{2150E333-8FDC-42A3-9474-1A3956D46DE8}") = "Domain", "Domain", "{D948F92C-F45C-4EEC-B328-A863120C8382}"
EndProject
Project("{2150E333-8FDC-42A3-9474-1A3956D46DE8}") = "Adapters", "Adapters", "{1CC7CBC5-DEDB-41C9-9741-37953889FE7B}"
EndProject
Project("{2150E333-8FDC-42A3-9474-1A3956D46DE8}") = "Tests", "Tests", "{863BD934-E241-41CD-9F5B-40E0D9D49306}"
EndProject
Project("{2150E333-8FDC-42A3-9474-1A3956D46DE8}") = "Consumers", "Consumers", "{BB01AEC1-41F3-46BC-AF66-3B5C652EBB08}"
EndProject
Project("{2150E333-8FDC-42A3-9474-1A3956D46DE8}") = "Domain", "Domain", "{080B0618-E7B8-468B-B004-5A8E44E3DDB8}"
EndProject
Project("{2150E333-8FDC-42A3-9474-1A3956D46DE8}") = "Application", "Application", "{A59013B7-609C-489A-B81C-F156F0EE3596}"
EndProject
Project("{2150E333-8FDC-42A3-9474-1A3956D46DE8}") = "Adapters", "Adapters", "{47395F96-2019-4468-9E28-185E173E3BD4}"
EndProject
Project("{9A19103F-16F7-4668-BE54-9A1E7A4F7556}") = "DomainTests", "BookingService\Tests\Domain\DomainTests\DomainTests.csproj", "{ABEDA6B7-23C5-4737-9E7A-6C7D65E72A57}"
EndProject
Project("{9A19103F-16F7-4668-BE54-9A1E7A4F7556}") = "ApplicationTests", "BookingService\Tests\Application\ApplicationTests\ApplicationTests.csproj", "{93A92F79-FDBC-426B-867C-DA5A302B7B92}"
EndProject
Project("{9A19103F-16F7-4668-BE54-9A1E7A4F7556}") = "AdaptersTests", "BookingService\Tests\Adapters\AdaptersTests\AdaptersTests.csproj", "{CA2ED4F8-15F7-4ECD-93B7-2FF7EB269AC3}"
EndProject
Project("{9A19103F-16F7-4668-BE54-9A1E7A4F7556}") = "API", "BookingService\Consumers\API\API.csproj", "{00431604-9543-407E-B64E-78213F05E9B4}"
EndProject
Project("{9A19103F-16F7-4668-BE54-9A1E7A4F7556}") = "Data", "BookingService\Adapters\Data\Data.csproj", "{8619A479-4E44-4C32-9A47-5868E512EC5F}"
EndProject
Project("{9A19103F-16F7-4668-BE54-9A1E7A4F7556}") = "Application", "BookingService\Core\Application\Application.csproj", "{F1CC14C2-2A70-4610-B97E-849BEB4D50BE}"
EndProject
Project("{9A19103F-16F7-4668-BE54-9A1E7A4F7556}") = "Domain", "BookingService\Core\Domain\Domain.csproj", "{C3BDB65D-A6F3-4A13-9E01-F6FF97762F38}"
EndProject
Project("{2150E333-8FDC-42A3-9474-1A3956D46DE8}") = "Core", "Core", "{E048C0DE-BD04-418A-80A4-B594598AB95C}"
EndProject
Project("{2150E333-8FDC-42A3-9474-1A3956D46DE8}") = "Domain", "Domain", "{495E629B-E587-4F61-8AF2-89BC83AE6871}"
EndProject
Project("{2150E333-8FDC-42A3-9474-1A3956D46DE8}") = "Application", "Application", "{E5FA72AE-D028-46A7-A088-4D1A08CF34E9}"
EndProject
Project("{FAE04EC0-301F-11D3-BF4B-00C04F79EFBC}") = "Payment.Application", "PaymentService\Core\Application\Application\Payment.Application.csproj", "{F66CB43E-7314-4D28-BDE4-D05F69250453}"
EndProject
Global
	GlobalSection(SolutionConfigurationPlatforms) = preSolution
		Debug|Any CPU = Debug|Any CPU
		Release|Any CPU = Release|Any CPU
	EndGlobalSection
	GlobalSection(ProjectConfigurationPlatforms) = postSolution
		{ABEDA6B7-23C5-4737-9E7A-6C7D65E72A57}.Debug|Any CPU.ActiveCfg = Debug|Any CPU
		{ABEDA6B7-23C5-4737-9E7A-6C7D65E72A57}.Debug|Any CPU.Build.0 = Debug|Any CPU
		{ABEDA6B7-23C5-4737-9E7A-6C7D65E72A57}.Release|Any CPU.ActiveCfg = Release|Any CPU
		{ABEDA6B7-23C5-4737-9E7A-6C7D65E72A57}.Release|Any CPU.Build.0 = Release|Any CPU
		{93A92F79-FDBC-426B-867C-DA5A302B7B92}.Debug|Any CPU.ActiveCfg = Debug|Any CPU
		{93A92F79-FDBC-426B-867C-DA5A302B7B92}.Debug|Any CPU.Build.0 = Debug|Any CPU
		{93A92F79-FDBC-426B-867C-DA5A302B7B92}.Release|Any CPU.ActiveCfg = Release|Any CPU
		{93A92F79-FDBC-426B-867C-DA5A302B7B92}.Release|Any CPU.Build.0 = Release|Any CPU
		{CA2ED4F8-15F7-4ECD-93B7-2FF7EB269AC3}.Debug|Any CPU.ActiveCfg = Debug|Any CPU
		{CA2ED4F8-15F7-4ECD-93B7-2FF7EB269AC3}.Debug|Any CPU.Build.0 = Debug|Any CPU
		{CA2ED4F8-15F7-4ECD-93B7-2FF7EB269AC3}.Release|Any CPU.ActiveCfg = Release|Any CPU
		{CA2ED4F8-15F7-4ECD-93B7-2FF7EB269AC3}.Release|Any CPU.Build.0 = Release|Any CPU
		{00431604-9543-407E-B64E-78213F05E9B4}.Debug|Any CPU.ActiveCfg = Debug|Any CPU
		{00431604-9543-407E-B64E-78213F05E9B4}.Debug|Any CPU.Build.0 = Debug|Any CPU
		{00431604-9543-407E-B64E-78213F05E9B4}.Release|Any CPU.ActiveCfg = Release|Any CPU
		{00431604-9543-407E-B64E-78213F05E9B4}.Release|Any CPU.Build.0 = Release|Any CPU
		{8619A479-4E44-4C32-9A47-5868E512EC5F}.Debug|Any CPU.ActiveCfg = Debug|Any CPU
		{8619A479-4E44-4C32-9A47-5868E512EC5F}.Debug|Any CPU.Build.0 = Debug|Any CPU
		{8619A479-4E44-4C32-9A47-5868E512EC5F}.Release|Any CPU.ActiveCfg = Release|Any CPU
		{8619A479-4E44-4C32-9A47-5868E512EC5F}.Release|Any CPU.Build.0 = Release|Any CPU
		{F1CC14C2-2A70-4610-B97E-849BEB4D50BE}.Debug|Any CPU.ActiveCfg = Debug|Any CPU
		{F1CC14C2-2A70-4610-B97E-849BEB4D50BE}.Debug|Any CPU.Build.0 = Debug|Any CPU
		{F1CC14C2-2A70-4610-B97E-849BEB4D50BE}.Release|Any CPU.ActiveCfg = Release|Any CPU
		{F1CC14C2-2A70-4610-B97E-849BEB4D50BE}.Release|Any CPU.Build.0 = Release|Any CPU
		{C3BDB65D-A6F3-4A13-9E01-F6FF97762F38}.Debug|Any CPU.ActiveCfg = Debug|Any CPU
		{C3BDB65D-A6F3-4A13-9E01-F6FF97762F38}.Debug|Any CPU.Build.0 = Debug|Any CPU
		{C3BDB65D-A6F3-4A13-9E01-F6FF97762F38}.Release|Any CPU.ActiveCfg = Release|Any CPU
		{C3BDB65D-A6F3-4A13-9E01-F6FF97762F38}.Release|Any CPU.Build.0 = Release|Any CPU
		{F66CB43E-7314-4D28-BDE4-D05F69250453}.Debug|Any CPU.ActiveCfg = Debug|Any CPU
		{F66CB43E-7314-4D28-BDE4-D05F69250453}.Debug|Any CPU.Build.0 = Debug|Any CPU
		{F66CB43E-7314-4D28-BDE4-D05F69250453}.Release|Any CPU.ActiveCfg = Release|Any CPU
		{F66CB43E-7314-4D28-BDE4-D05F69250453}.Release|Any CPU.Build.0 = Release|Any CPU
	EndGlobalSection
	GlobalSection(SolutionProperties) = preSolution
		HideSolutionNode = FALSE
	EndGlobalSection
	GlobalSection(NestedProjects) = preSolution
		{98898044-C43B-48A5-A239-5C82C287305A} = {7808104C-F1A5-4B8F-91ED-726D182E696A}
		{13782C14-7DE0-405D-B33B-85794D2C3BA1} = {98898044-C43B-48A5-A239-5C82C287305A}
		{D948F92C-F45C-4EEC-B328-A863120C8382} = {98898044-C43B-48A5-A239-5C82C287305A}
		{1CC7CBC5-DEDB-41C9-9741-37953889FE7B} = {7808104C-F1A5-4B8F-91ED-726D182E696A}
		{863BD934-E241-41CD-9F5B-40E0D9D49306} = {7808104C-F1A5-4B8F-91ED-726D182E696A}
		{BB01AEC1-41F3-46BC-AF66-3B5C652EBB08} = {7808104C-F1A5-4B8F-91ED-726D182E696A}
		{080B0618-E7B8-468B-B004-5A8E44E3DDB8} = {863BD934-E241-41CD-9F5B-40E0D9D49306}
		{A59013B7-609C-489A-B81C-F156F0EE3596} = {863BD934-E241-41CD-9F5B-40E0D9D49306}
		{47395F96-2019-4468-9E28-185E173E3BD4} = {863BD934-E241-41CD-9F5B-40E0D9D49306}
		{ABEDA6B7-23C5-4737-9E7A-6C7D65E72A57} = {080B0618-E7B8-468B-B004-5A8E44E3DDB8}
		{93A92F79-FDBC-426B-867C-DA5A302B7B92} = {A59013B7-609C-489A-B81C-F156F0EE3596}
		{CA2ED4F8-15F7-4ECD-93B7-2FF7EB269AC3} = {47395F96-2019-4468-9E28-185E173E3BD4}
		{00431604-9543-407E-B64E-78213F05E9B4} = {BB01AEC1-41F3-46BC-AF66-3B5C652EBB08}
		{8619A479-4E44-4C32-9A47-5868E512EC5F} = {1CC7CBC5-DEDB-41C9-9741-37953889FE7B}
		{F1CC14C2-2A70-4610-B97E-849BEB4D50BE} = {13782C14-7DE0-405D-B33B-85794D2C3BA1}
		{C3BDB65D-A6F3-4A13-9E01-F6FF97762F38} = {D948F92C-F45C-4EEC-B328-A863120C8382}
		{E048C0DE-BD04-418A-80A4-B594598AB95C} = {21E9D4C1-F844-4F71-8EAD-43139D22C026}
		{495E629B-E587-4F61-8AF2-89BC83AE6871} = {E048C0DE-BD04-418A-80A4-B594598AB95C}
		{E5FA72AE-D028-46A7-A088-4D1A08CF34E9} = {E048C0DE-BD04-418A-80A4-B594598AB95C}
		{F66CB43E-7314-4D28-BDE4-D05F69250453} = {E5FA72AE-D028-46A7-A088-4D1A08CF34E9}
	EndGlobalSection
	GlobalSection(ExtensibilityGlobals) = postSolution
		SolutionGuid = {CB555601-5279-437C-A592-BE09256ADB16}
	EndGlobalSection
EndGlobal
